
Microsoft Visual Studio Solution File, Format Version 12.00
# Visual Studio Version 16
VisualStudioVersion = 16.0.30114.105
MinimumVisualStudioVersion = 10.0.40219.1
Project("{FAE04EC0-301F-11D3-BF4B-00C04F79EFBC}") = "Turansuraetu", "Turansuraetu\Turansuraetu.csproj", "{F964EDDD-E02F-4831-AD1B-492A80EF31FD}"
EndProject
Global
	GlobalSection(SolutionConfigurationPlatforms) = preSolution
		Debug|Any CPU = Debug|Any CPU
		Release|Any CPU = Release|Any CPU
	EndGlobalSection
	GlobalSection(ProjectConfigurationPlatforms) = postSolution
		{F964EDDD-E02F-4831-AD1B-492A80EF31FD}.Debug|Any CPU.ActiveCfg = Debug|Any CPU
		{F964EDDD-E02F-4831-AD1B-492A80EF31FD}.Debug|Any CPU.Build.0 = Debug|Any CPU
		{F964EDDD-E02F-4831-AD1B-492A80EF31FD}.Release|Any CPU.ActiveCfg = Release|Any CPU
		{F964EDDD-E02F-4831-AD1B-492A80EF31FD}.Release|Any CPU.Build.0 = Release|Any CPU
	EndGlobalSection
	GlobalSection(SolutionProperties) = preSolution
		HideSolutionNode = FALSE
	EndGlobalSection
	GlobalSection(ExtensibilityGlobals) = postSolution
		SolutionGuid = {4881E899-AC33-4E4C-AC24-842DA6C17855}
	EndGlobalSection
EndGlobal
